{
  "name": "@vincent/utils",
  "version": "0.4.2",
  "lockfileVersion": 1,
  "requires": true,
  "dependencies": {
    "@vincent/components": {
      "version": "0.2.12",
      "resolved": "http://vincentchen.cn:8083/@vincent%2fcomponents/-/components-0.2.12.tgz",
      "integrity": "sha512-gUa6qKTmAUOoQe3ibDcXsKCQ3p1CLwuzjvRfhRxtiflLgvRY0essxPzGbPuHgbMQT5bSTcGn6tP0PGSW2HT+kA==",
      "dev": true
    }
  }
}
